
Microsoft Visual Studio Solution File, Format Version 12.00
# Visual Studio Version 17
VisualStudioVersion = 17.5.33627.172
MinimumVisualStudioVersion = 10.0.40219.1
Project("{FAE04EC0-301F-11D3-BF4B-00C04F79EFBC}") = "MusicShop", "MusicStore (1)\MusicShop.csproj", "{D07A78BB-F8EE-46F6-BA29-CD18B23EDFE3}"
EndProject
Global
	GlobalSection(SolutionConfigurationPlatforms) = preSolution
		Debug|Any CPU = Debug|Any CPU
		Release|Any CPU = Release|Any CPU
	EndGlobalSection
	GlobalSection(ProjectConfigurationPlatforms) = postSolution
		{D07A78BB-F8EE-46F6-BA29-CD18B23EDFE3}.Debug|Any CPU.ActiveCfg = Debug|Any CPU
		{D07A78BB-F8EE-46F6-BA29-CD18B23EDFE3}.Debug|Any CPU.Build.0 = Debug|Any CPU
		{D07A78BB-F8EE-46F6-BA29-CD18B23EDFE3}.Release|Any CPU.ActiveCfg = Release|Any CPU
		{D07A78BB-F8EE-46F6-BA29-CD18B23EDFE3}.Release|Any CPU.Build.0 = Release|Any CPU
	EndGlobalSection
	GlobalSection(SolutionProperties) = preSolution
		HideSolutionNode = FALSE
	EndGlobalSection
	GlobalSection(ExtensibilityGlobals) = postSolution
		SolutionGuid = {D3B892CB-134F-484F-A87C-37F845BCE2F4}
	EndGlobalSection
EndGlobal
